// !$*UTF8*$!
{
	archiveVersion = 1;
	classes = {
	};
	objectVersion = 46;
	objects = {

/* Begin PBXBuildFile section */
		92F4E58D1D5DA4740023AFD0 /* main.m in Sources */ = {isa = PBXBuildFile; fileRef = 92F4E58C1D5DA4740023AFD0 /* main.m */; };
		92F4E5901D5DA4740023AFD0 /* AppDelegate.m in Sources */ = {isa = PBXBuildFile; fileRef = 92F4E58F1D5DA4740023AFD0 /* AppDelegate.m */; };
		92F4E5931D5DA4740023AFD0 /* ViewController.m in Sources */ = {isa = PBXBuildFile; fileRef = 92F4E5921D5DA4740023AFD0 /* ViewController.m */; };
		92F4E5961D5DA4740023AFD0 /* Main.storyboard in Resources */ = {isa = PBXBuildFile; fileRef = 92F4E5941D5DA4740023AFD0 /* Main.storyboard */; };
		92F4E5991D5DA4740023AFD0 /* BeautifulApp.xcdatamodeld in Sources */ = {isa = PBXBuildFile; fileRef = 92F4E5971D5DA4740023AFD0 /* BeautifulApp.xcdatamodeld */; };
		92F4E59B1D5DA4740023AFD0 /* Assets.xcassets in Resources */ = {isa = PBXBuildFile; fileRef = 92F4E59A1D5DA4740023AFD0 /* Assets.xcassets */; };
		92F4E59E1D5DA4740023AFD0 /* LaunchScreen.storyboard in Resources */ = {isa = PBXBuildFile; fileRef = 92F4E59C1D5DA4740023AFD0 /* LaunchScreen.storyboard */; };
		92F4E5A91D5DA4740023AFD0 /* BeautifulAppTests.m in Sources */ = {isa = PBXBuildFile; fileRef = 92F4E5A81D5DA4740023AFD0 /* BeautifulAppTests.m */; };
		92F4E5B41D5DA4740023AFD0 /* BeautifulAppUITests.m in Sources */ = {isa = PBXBuildFile; fileRef = 92F4E5B31D5DA4740023AFD0 /* BeautifulAppUITests.m */; };
/* End PBXBuildFile section */

/* Begin PBXContainerItemProxy section */
		92F4E5A51D5DA4740023AFD0 /* PBXContainerItemProxy */ = {
			isa = PBXContainerItemProxy;
			containerPortal = 92F4E5801D5DA4730023AFD0 /* Project object */;
			proxyType = 1;
			remoteGlobalIDString = 92F4E5871D5DA4730023AFD0;
			remoteInfo = BeautifulApp;
		};
		92F4E5B01D5DA4740023AFD0 /* PBXContainerItemProxy */ = {
			isa = PBXContainerItemProxy;
			containerPortal = 92F4E5801D5DA4730023AFD0 /* Project object */;
			proxyType = 1;
			remoteGlobalIDString = 92F4E5871D5DA4730023AFD0;
			remoteInfo = BeautifulApp;
		};
/* End PBXContainerItemProxy section */

/* Begin PBXFileReference section */
		92F4E5881D5DA4730023AFD0 /* BeautifulApp.app */ = {isa = PBXFileReference; explicitFileType = wrapper.application; includeInIndex = 0; path = BeautifulApp.app; sourceTree = BUILT_PRODUCTS_DIR; };
		92F4E58C1D5DA4740023AFD0 /* main.m */ = {isa = PBXFileReference; lastKnownFileType = sourcecode.c.objc; path = main.m; sourceTree = "<group>"; };
		92F4E58E1D5DA4740023AFD0 /* AppDelegate.h */ = {isa = PBXFileReference; lastKnownFileType = sourcecode.c.h; path = AppDelegate.h; sourceTree = "<group>"; };
		92F4E58F1D5DA4740023AFD0 /* AppDelegate.m */ = {isa = PBXFileReference; lastKnownFileType = sourcecode.c.objc; path = AppDelegate.m; sourceTree = "<group>"; };
		92F4E5911D5DA4740023AFD0 /* ViewController.h */ = {isa = PBXFileReference; lastKnownFileType = sourcecode.c.h; path = ViewController.h; sourceTree = "<group>"; };
		92F4E5921D5DA4740023AFD0 /* ViewController.m */ = {isa = PBXFileReference; lastKnownFileType = sourcecode.c.objc; path = ViewController.m; sourceTree = "<group>"; };
		92F4E5951D5DA4740023AFD0 /* Base */ = {isa = PBXFileReference; lastKnownFileType = file.storyboard; name = Base; path = Base.lproj/Main.storyboard; sourceTree = "<group>"; };
		92F4E5981D5DA4740023AFD0 /* BeautifulApp.xcdatamodel */ = {isa = PBXFileReference; lastKnownFileType = wrapper.xcdatamodel; path = BeautifulApp.xcdatamodel; sourceTree = "<group>"; };
		92F4E59A1D5DA4740023AFD0 /* Assets.xcassets */ = {isa = PBXFileReference; lastKnownFileType = folder.assetcatalog; path = Assets.xcassets; sourceTree = "<group>"; };
		92F4E59D1D5DA4740023AFD0 /* Base */ = {isa = PBXFileReference; lastKnownFileType = file.storyboard; name = Base; path = Base.lproj/LaunchScreen.storyboard; sourceTree = "<group>"; };
		92F4E59F1D5DA4740023AFD0 /* Info.plist */ = {isa = PBXFileReference; lastKnownFileType = text.plist.xml; path = Info.plist; sourceTree = "<group>"; };
		92F4E5A41D5DA4740023AFD0 /* BeautifulAppTests.xctest */ = {isa = PBXFileReference; explicitFileType = wrapper.cfbundle; includeInIndex = 0; path = BeautifulAppTests.xctest; sourceTree = BUILT_PRODUCTS_DIR; };
		92F4E5A81D5DA4740023AFD0 /* BeautifulAppTests.m */ = {isa = PBXFileReference; lastKnownFileType = sourcecode.c.objc; path = BeautifulAppTests.m; sourceTree = "<group>"; };
		92F4E5AA1D5DA4740023AFD0 /* Info.plist */ = {isa = PBXFileReference; lastKnownFileType = text.plist.xml; path = Info.plist; sourceTree = "<group>"; };
		92F4E5AF1D5DA4740023AFD0 /* BeautifulAppUITests.xctest */ = {isa = PBXFileReference; explicitFileType = wrapper.cfbundle; includeInIndex = 0; path = BeautifulAppUITests.xctest; sourceTree = BUILT_PRODUCTS_DIR; };
		92F4E5B31D5DA4740023AFD0 /* BeautifulAppUITests.m */ = {isa = PBXFileReference; lastKnownFileType = sourcecode.c.objc; path = BeautifulAppUITests.m; sourceTree = "<group>"; };
		92F4E5B51D5DA4740023AFD0 /* Info.plist */ = {isa = PBXFileReference; lastKnownFileType = text.plist.xml; path = Info.plist; sourceTree = "<group>"; };
/* End PBXFileReference section */

/* Begin PBXFrameworksBuildPhase section */
		92F4E5851D5DA4730023AFD0 /* Frameworks */ = {
			isa = PBXFrameworksBuildPhase;
			buildActionMask = 2147483647;
			files = (
			);
			runOnlyForDeploymentPostprocessing = 0;
		};
		92F4E5A11D5DA4740023AFD0 /* Frameworks */ = {
			isa = PBXFrameworksBuildPhase;
			buildActionMask = 2147483647;
			files = (
			);
			runOnlyForDeploymentPostprocessing = 0;
		};
		92F4E5AC1D5DA4740023AFD0 /* Frameworks */ = {
			isa = PBXFrameworksBuildPhase;
			buildActionMask = 2147483647;
			files = (
			);
			runOnlyForDeploymentPostprocessing = 0;
		};
/* End PBXFrameworksBuildPhase section */

/* Begin PBXGroup section */
		92F4E57F1D5DA4730023AFD0 = {
			isa = PBXGroup;
			children = (
				92F4E58A1D5DA4730023AFD0 /* BeautifulApp */,
				92F4E5A71D5DA4740023AFD0 /* BeautifulAppTests */,
				92F4E5B21D5DA4740023AFD0 /* BeautifulAppUITests */,
				92F4E5891D5DA4730023AFD0 /* Products */,
			);
			sourceTree = "<group>";
		};
		92F4E5891D5DA4730023AFD0 /* Products */ = {
			isa = PBXGroup;
			children = (
				92F4E5881D5DA4730023AFD0 /* BeautifulApp.app */,
				92F4E5A41D5DA4740023AFD0 /* BeautifulAppTests.xctest */,
				92F4E5AF1D5DA4740023AFD0 /* BeautifulAppUITests.xctest */,
			);
			name = Products;
			sourceTree = "<group>";
		};
		92F4E58A1D5DA4730023AFD0 /* BeautifulApp */ = {
			isa = PBXGroup;
			children = (
				92F4E58E1D5DA4740023AFD0 /* AppDelegate.h */,
				92F4E58F1D5DA4740023AFD0 /* AppDelegate.m */,
				92F4E5911D5DA4740023AFD0 /* ViewController.h */,
				92F4E5921D5DA4740023AFD0 /* ViewController.m */,
				92F4E5941D5DA4740023AFD0 /* Main.storyboard */,
				92F4E59A1D5DA4740023AFD0 /* Assets.xcassets */,
				92F4E59C1D5DA4740023AFD0 /* LaunchScreen.storyboard */,
				92F4E59F1D5DA4740023AFD0 /* Info.plist */,
				92F4E5971D5DA4740023AFD0 /* BeautifulApp.xcdatamodeld */,
				92F4E58B1D5DA4730023AFD0 /* Supporting Files */,
			);
			path = BeautifulApp;
			sourceTree = "<group>";
		};
		92F4E58B1D5DA4730023AFD0 /* Supporting Files */ = {
			isa = PBXGroup;
			children = (
				92F4E58C1D5DA4740023AFD0 /* main.m */,
			);
			name = "Supporting Files";
			sourceTree = "<group>";
		};
		92F4E5A71D5DA4740023AFD0 /* BeautifulAppTests */ = {
			isa = PBXGroup;
			children = (
				92F4E5A81D5DA4740023AFD0 /* BeautifulAppTests.m */,
				92F4E5AA1D5DA4740023AFD0 /* Info.plist */,
			);
			path = BeautifulAppTests;
			sourceTree = "<group>";
		};
		92F4E5B21D5DA4740023AFD0 /* BeautifulAppUITests */ = {
			isa = PBXGroup;
			children = (
				92F4E5B31D5DA4740023AFD0 /* BeautifulAppUITests.m */,
				92F4E5B51D5DA4740023AFD0 /* Info.plist */,
			);
			path = BeautifulAppUITests;
			sourceTree = "<group>";
		};
/* End PBXGroup section */

/* Begin PBXNativeTarget section */
		92F4E5871D5DA4730023AFD0 /* BeautifulApp */ = {
			isa = PBXNativeTarget;
			buildConfigurationList = 92F4E5B81D5DA4740023AFD0 /* Build configuration list for PBXNativeTarget "BeautifulApp" */;
			buildPhases = (
				92F4E5841D5DA4730023AFD0 /* Sources */,
				92F4E5851D5DA4730023AFD0 /* Frameworks */,
				92F4E5861D5DA4730023AFD0 /* Resources */,
			);
			buildRules = (
			);
			dependencies = (
			);
			name = BeautifulApp;
			productName = BeautifulApp;
			productReference = 92F4E5881D5DA4730023AFD0 /* BeautifulApp.app */;
			productType = "com.apple.product-type.application";
		};
		92F4E5A31D5DA4740023AFD0 /* BeautifulAppTests */ = {
			isa = PBXNativeTarget;
			buildConfigurationList = 92F4E5BB1D5DA4740023AFD0 /* Build configuration list for PBXNativeTarget "BeautifulAppTests" */;
			buildPhases = (
				92F4E5A01D5DA4740023AFD0 /* Sources */,
				92F4E5A11D5DA4740023AFD0 /* Frameworks */,
				92F4E5A21D5DA4740023AFD0 /* Resources */,
			);
			buildRules = (
			);
			dependencies = (
				92F4E5A61D5DA4740023AFD0 /* PBXTargetDependency */,
			);
			name = BeautifulAppTests;
			productName = BeautifulAppTests;
			productReference = 92F4E5A41D5DA4740023AFD0 /* BeautifulAppTests.xctest */;
			productType = "com.apple.product-type.bundle.unit-test";
		};
		92F4E5AE1D5DA4740023AFD0 /* BeautifulAppUITests */ = {
			isa = PBXNativeTarget;
			buildConfigurationList = 92F4E5BE1D5DA4740023AFD0 /* Build configuration list for PBXNativeTarget "BeautifulAppUITests" */;
			buildPhases = (
				92F4E5AB1D5DA4740023AFD0 /* Sources */,
				92F4E5AC1D5DA4740023AFD0 /* Frameworks */,
				92F4E5AD1D5DA4740023AFD0 /* Resources */,
			);
			buildRules = (
			);
			dependencies = (
				92F4E5B11D5DA4740023AFD0 /* PBXTargetDependency */,
			);
			name = BeautifulAppUITests;
			productName = BeautifulAppUITests;
			productReference = 92F4E5AF1D5DA4740023AFD0 /* BeautifulAppUITests.xctest */;
			productType = "com.apple.product-type.bundle.ui-testing";
		};
/* End PBXNativeTarget section */

/* Begin PBXProject section */
		92F4E5801D5DA4730023AFD0 /* Project object */ = {
			isa = PBXProject;
			attributes = {
				LastUpgradeCheck = 0730;
				ORGANIZATIONNAME = "郑晓龙";
				TargetAttributes = {
					92F4E5871D5DA4730023AFD0 = {
						CreatedOnToolsVersion = 7.3.1;
						DevelopmentTeam = 9KXYK78MW8;
					};
					92F4E5A31D5DA4740023AFD0 = {
						CreatedOnToolsVersion = 7.3.1;
						DevelopmentTeam = 9KXYK78MW8;
						TestTargetID = 92F4E5871D5DA4730023AFD0;
					};
					92F4E5AE1D5DA4740023AFD0 = {
						CreatedOnToolsVersion = 7.3.1;
						DevelopmentTeam = 9KXYK78MW8;
						TestTargetID = 92F4E5871D5DA4730023AFD0;
					};
				};
			};
			buildConfigurationList = 92F4E5831D5DA4730023AFD0 /* Build configuration list for PBXProject "BeautifulApp" */;
			compatibilityVersion = "Xcode 3.2";
			developmentRegion = English;
			hasScannedForEncodings = 0;
			knownRegions = (
				en,
				Base,
			);
			mainGroup = 92F4E57F1D5DA4730023AFD0;
			productRefGroup = 92F4E5891D5DA4730023AFD0 /* Products */;
			projectDirPath = "";
			projectRoot = "";
			targets = (
				92F4E5871D5DA4730023AFD0 /* BeautifulApp */,
				92F4E5A31D5DA4740023AFD0 /* BeautifulAppTests */,
				92F4E5AE1D5DA4740023AFD0 /* BeautifulAppUITests */,
			);
		};
/* End PBXProject section */

/* Begin PBXResourcesBuildPhase section */
		92F4E5861D5DA4730023AFD0 /* Resources */ = {
			isa = PBXResourcesBuildPhase;
			buildActionMask = 2147483647;
			files = (
				92F4E59E1D5DA4740023AFD0 /* LaunchScreen.storyboard in Resources */,
				92F4E59B1D5DA4740023AFD0 /* Assets.xcassets in Resources */,
				92F4E5961D5DA4740023AFD0 /* Main.storyboard in Resources */,
			);
			runOnlyForDeploymentPostprocessing = 0;
		};
		92F4E5A21D5DA4740023AFD0 /* Resources */ = {
			isa = PBXResourcesBuildPhase;
			buildActionMask = 2147483647;
			files = (
			);
			runOnlyForDeploymentPostprocessing = 0;
		};
		92F4E5AD1D5DA4740023AFD0 /* Resources */ = {
			isa = PBXResourcesBuildPhase;
			buildActionMask = 2147483647;
			files = (
			);
			runOnlyForDeploymentPostprocessing = 0;
		};
/* End PBXResourcesBuildPhase section */

/* Begin PBXSourcesBuildPhase section */
		92F4E5841D5DA4730023AFD0 /* Sources */ = {
			isa = PBXSourcesBuildPhase;
			buildActionMask = 2147483647;
			files = (
				92F4E5931D5DA4740023AFD0 /* ViewController.m in Sources */,
				92F4E5901D5DA4740023AFD0 /* AppDelegate.m in Sources */,
				92F4E58D1D5DA4740023AFD0 /* main.m in Sources */,
				92F4E5991D5DA4740023AFD0 /* BeautifulApp.xcdatamodeld in Sources */,
			);
			runOnlyForDeploymentPostprocessing = 0;
		};
		92F4E5A01D5DA4740023AFD0 /* Sources */ = {
			isa = PBXSourcesBuildPhase;
			buildActionMask = 2147483647;
			files = (
				92F4E5A91D5DA4740023AFD0 /* BeautifulAppTests.m in Sources */,
			);
			runOnlyForDeploymentPostprocessing = 0;
		};
		92F4E5AB1D5DA4740023AFD0 /* Sources */ = {
			isa = PBXSourcesBuildPhase;
			buildActionMask = 2147483647;
			files = (
				92F4E5B41D5DA4740023AFD0 /* BeautifulAppUITests.m in Sources */,
			);
			runOnlyForDeploymentPostprocessing = 0;
		};
/* End PBXSourcesBuildPhase section */

/* Begin PBXTargetDependency section */
		92F4E5A61D5DA4740023AFD0 /* PBXTargetDependency */ = {
			isa = PBXTargetDependency;
			target = 92F4E5871D5DA4730023AFD0 /* BeautifulApp */;
			targetProxy = 92F4E5A51D5DA4740023AFD0 /* PBXContainerItemProxy */;
		};
		92F4E5B11D5DA4740023AFD0 /* PBXTargetDependency */ = {
			isa = PBXTargetDependency;
			target = 92F4E5871D5DA4730023AFD0 /* BeautifulApp */;
			targetProxy = 92F4E5B01D5DA4740023AFD0 /* PBXContainerItemProxy */;
		};
/* End PBXTargetDependency section */

/* Begin PBXVariantGroup section */
		92F4E5941D5DA4740023AFD0 /* Main.storyboard */ = {
			isa = PBXVariantGroup;
			children = (
				92F4E5951D5DA4740023AFD0 /* Base */,
			);
			name = Main.storyboard;
			sourceTree = "<group>";
		};
		92F4E59C1D5DA4740023AFD0 /* LaunchScreen.storyboard */ = {
			isa = PBXVariantGroup;
			children = (
				92F4E59D1D5DA4740023AFD0 /* Base */,
			);
			name = LaunchScreen.storyboard;
			sourceTree = "<group>";
		};
/* End PBXVariantGroup section */

/* Begin XCBuildConfiguration section */
		92F4E5B61D5DA4740023AFD0 /* Debug */ = {
			isa = XCBuildConfiguration;
			buildSettings = {
				ALWAYS_SEARCH_USER_PATHS = NO;
				CLANG_ANALYZER_NONNULL = YES;
				CLANG_CXX_LANGUAGE_STANDARD = "gnu++0x";
				CLANG_CXX_LIBRARY = "libc++";
				CLANG_ENABLE_MODULES = YES;
				CLANG_ENABLE_OBJC_ARC = YES;
				CLANG_WARN_BOOL_CONVERSION = YES;
				CLANG_WARN_CONSTANT_CONVERSION = YES;
				CLANG_WARN_DIRECT_OBJC_ISA_USAGE = YES_ERROR;
				CLANG_WARN_EMPTY_BODY = YES;
				CLANG_WARN_ENUM_CONVERSION = YES;
				CLANG_WARN_INT_CONVERSION = YES;
				CLANG_WARN_OBJC_ROOT_CLASS = YES_ERROR;
				CLANG_WARN_UNREACHABLE_CODE = YES;
				CLANG_WARN__DUPLICATE_METHOD_MATCH = YES;
				"CODE_SIGN_IDENTITY[sdk=iphoneos*]" = "iPhone Developer";
				COPY_PHASE_STRIP = NO;
				DEBUG_INFORMATION_FORMAT = dwarf;
				ENABLE_STRICT_OBJC_MSGSEND = YES;
				ENABLE_TESTABILITY = YES;
				GCC_C_LANGUAGE_STANDARD = gnu99;
				GCC_DYNAMIC_NO_PIC = NO;
				GCC_NO_COMMON_BLOCKS = YES;
				GCC_OPTIMIZATION_LEVEL = 0;
				GCC_PREPROCESSOR_DEFINITIONS = (
					"DEBUG=1",
					"$(inherited)",
				);
				GCC_WARN_64_TO_32_BIT_CONVERSION = YES;
				GCC_WARN_ABOUT_RETURN_TYPE = YES_ERROR;
				GCC_WARN_UNDECLARED_SELECTOR = YES;
				GCC_WARN_UNINITIALIZED_AUTOS = YES_AGGRESSIVE;
				GCC_WARN_UNUSED_FUNCTION = YES;
				GCC_WARN_UNUSED_VARIABLE = YES;
				IPHONEOS_DEPLOYMENT_TARGET = 9.3;
				MTL_ENABLE_DEBUG_INFO = YES;
				ONLY_ACTIVE_ARCH = YES;
				SDKROOT = iphoneos;
			};
			name = Debug;
		};
		92F4E5B71D5DA4740023AFD0 /* Release */ = {
			isa = XCBuildConfiguration;
			buildSettings = {
				ALWAYS_SEARCH_USER_PATHS = NO;
				CLANG_ANALYZER_NONNULL = YES;
				CLANG_CXX_LANGUAGE_STANDARD = "gnu++0x";
				CLANG_CXX_LIBRARY = "libc++";
				CLANG_ENABLE_MODULES = YES;
				CLANG_ENABLE_OBJC_ARC = YES;
				CLANG_WARN_BOOL_CONVERSION = YES;
				CLANG_WARN_CONSTANT_CONVERSION = YES;
				CLANG_WARN_DIRECT_OBJC_ISA_USAGE = YES_ERROR;
				CLANG_WARN_EMPTY_BODY = YES;
				CLANG_WARN_ENUM_CONVERSION = YES;
				CLANG_WARN_INT_CONVERSION = YES;
				CLANG_WARN_OBJC_ROOT_CLASS = YES_ERROR;
				CLANG_WARN_UNREACHABLE_CODE = YES;
				CLANG_WARN__DUPLICATE_METHOD_MATCH = YES;
				"CODE_SIGN_IDENTITY[sdk=iphoneos*]" = "iPhone Developer";
				COPY_PHASE_STRIP = NO;
				DEBUG_INFORMATION_FORMAT = "dwarf-with-dsym";
				ENABLE_NS_ASSERTIONS = NO;
				ENABLE_STRICT_OBJC_MSGSEND = YES;
				GCC_C_LANGUAGE_STANDARD = gnu99;
				GCC_NO_COMMON_BLOCKS = YES;
				GCC_WARN_64_TO_32_BIT_CONVERSION = YES;
				GCC_WARN_ABOUT_RETURN_TYPE = YES_ERROR;
				GCC_WARN_UNDECLARED_SELECTOR = YES;
				GCC_WARN_UNINITIALIZED_AUTOS = YES_AGGRESSIVE;
				GCC_WARN_UNUSED_FUNCTION = YES;
				GCC_WARN_UNUSED_VARIABLE = YES;
				IPHONEOS_DEPLOYMENT_TARGET = 9.3;
				MTL_ENABLE_DEBUG_INFO = NO;
				SDKROOT = iphoneos;
				VALIDATE_PRODUCT = YES;
			};
			name = Release;
		};
		92F4E5B91D5DA4740023AFD0 /* Debug */ = {
			isa = XCBuildConfiguration;
			buildSettings = {
				ASSETCATALOG_COMPILER_APPICON_NAME = AppIcon;
				INFOPLIST_FILE = BeautifulApp/Info.plist;
				LD_RUNPATH_SEARCH_PATHS = "$(inherited) @executable_path/Frameworks";
				PRODUCT_BUNDLE_IDENTIFIER = com.jointem.BeautifulApp;
				PRODUCT_NAME = "$(TARGET_NAME)";
			};
			name = Debug;
		};
		92F4E5BA1D5DA4740023AFD0 /* Release */ = {
			isa = XCBuildConfiguration;
			buildSettings = {
				ASSETCATALOG_COMPILER_APPICON_NAME = AppIcon;
				INFOPLIST_FILE = BeautifulApp/Info.plist;
				LD_RUNPATH_SEARCH_PATHS = "$(inherited) @executable_path/Frameworks";
				PRODUCT_BUNDLE_IDENTIFIER = com.jointem.BeautifulApp;
				PRODUCT_NAME = "$(TARGET_NAME)";
			};
			name = Release;
		};
		92F4E5BC1D5DA4740023AFD0 /* Debug */ = {
			isa = XCBuildConfiguration;
			buildSettings = {
				BUNDLE_LOADER = "$(TEST_HOST)";
				INFOPLIST_FILE = BeautifulAppTests/Info.plist;
				LD_RUNPATH_SEARCH_PATHS = "$(inherited) @executable_path/Frameworks @loader_path/Frameworks";
				PRODUCT_BUNDLE_IDENTIFIER = com.jointem.BeautifulAppTests;
				PRODUCT_NAME = "$(TARGET_NAME)";
				TEST_HOST = "$(BUILT_PRODUCTS_DIR)/BeautifulApp.app/BeautifulApp";
			};
			name = Debug;
		};
		92F4E5BD1D5DA4740023AFD0 /* Release */ = {
			isa = XCBuildConfiguration;
			buildSettings = {
				BUNDLE_LOADER = "$(TEST_HOST)";
				INFOPLIST_FILE = BeautifulAppTests/Info.plist;
				LD_RUNPATH_SEARCH_PATHS = "$(inherited) @executable_path/Frameworks @loader_path/Frameworks";
				PRODUCT_BUNDLE_IDENTIFIER = com.jointem.BeautifulAppTests;
				PRODUCT_NAME = "$(TARGET_NAME)";
				TEST_HOST = "$(BUILT_PRODUCTS_DIR)/BeautifulApp.app/BeautifulApp";
			};
			name = Release;
		};
		92F4E5BF1D5DA4740023AFD0 /* Debug */ = {
			isa = XCBuildConfiguration;
			buildSettings = {
				INFOPLIST_FILE = BeautifulAppUITests/Info.plist;
				LD_RUNPATH_SEARCH_PATHS = "$(inherited) @executable_path/Frameworks @loader_path/Frameworks";
				PRODUCT_BUNDLE_IDENTIFIER = com.jointem.BeautifulAppUITests;
				PRODUCT_NAME = "$(TARGET_NAME)";
				TEST_TARGET_NAME = BeautifulApp;
			};
			name = Debug;
		};
		92F4E5C01D5DA4740023AFD0 /* Release */ = {
			isa = XCBuildConfiguration;
			buildSettings = {
				INFOPLIST_FILE = BeautifulAppUITests/Info.plist;
				LD_RUNPATH_SEARCH_PATHS = "$(inherited) @executable_path/Frameworks @loader_path/Frameworks";
				PRODUCT_BUNDLE_IDENTIFIER = com.jointem.BeautifulAppUITests;
				PRODUCT_NAME = "$(TARGET_NAME)";
				TEST_TARGET_NAME = BeautifulApp;
			};
			name = Release;
		};
/* End XCBuildConfiguration section */

/* Begin XCConfigurationList section */
		92F4E5831D5DA4730023AFD0 /* Build configuration list for PBXProject "BeautifulApp" */ = {
			isa = XCConfigurationList;
			buildConfigurations = (
				92F4E5B61D5DA4740023AFD0 /* Debug */,
				92F4E5B71D5DA4740023AFD0 /* Release */,
			);
			defaultConfigurationIsVisible = 0;
			defaultConfigurationName = Release;
		};
		92F4E5B81D5DA4740023AFD0 /* Build configuration list for PBXNativeTarget "BeautifulApp" */ = {
			isa = XCConfigurationList;
			buildConfigurations = (
				92F4E5B91D5DA4740023AFD0 /* Debug */,
				92F4E5BA1D5DA4740023AFD0 /* Release */,
			);
			defaultConfigurationIsVisible = 0;
		};
		92F4E5BB1D5DA4740023AFD0 /* Build configuration list for PBXNativeTarget "BeautifulAppTests" */ = {
			isa = XCConfigurationList;
			buildConfigurations = (
				92F4E5BC1D5DA4740023AFD0 /* Debug */,
				92F4E5BD1D5DA4740023AFD0 /* Release */,
			);
			defaultConfigurationIsVisible = 0;
		};
		92F4E5BE1D5DA4740023AFD0 /* Build configuration list for PBXNativeTarget "BeautifulAppUITests" */ = {
			isa = XCConfigurationList;
			buildConfigurations = (
				92F4E5BF1D5DA4740023AFD0 /* Debug */,
				92F4E5C01D5DA4740023AFD0 /* Release */,
			);
			defaultConfigurationIsVisible = 0;
		};
/* End XCConfigurationList section */

/* Begin XCVersionGroup section */
		92F4E5971D5DA4740023AFD0 /* BeautifulApp.xcdatamodeld */ = {
			isa = XCVersionGroup;
			children = (
				92F4E5981D5DA4740023AFD0 /* BeautifulApp.xcdatamodel */,
			);
			currentVersion = 92F4E5981D5DA4740023AFD0 /* BeautifulApp.xcdatamodel */;
			path = BeautifulApp.xcdatamodeld;
			sourceTree = "<group>";
			versionGroupType = wrapper.xcdatamodel;
		};
/* End XCVersionGroup section */
	};
	rootObject = 92F4E5801D5DA4730023AFD0 /* Project object */;
}
